
Microsoft Visual Studio Solution File, Format Version 12.00
# Visual Studio 15
VisualStudioVersion = 15.0.27703.2026
MinimumVisualStudioVersion = 10.0.40219.1
Project("{FAE04EC0-301F-11D3-BF4B-00C04F79EFBC}") = "CoreServices", "WebApplication1\CoreServices.csproj", "{9FBC7DBD-6DC3-4221-816B-7369E8EB64A7}"
EndProject
Global
	GlobalSection(SolutionConfigurationPlatforms) = preSolution
		Debug|Any CPU = Debug|Any CPU
		Release|Any CPU = Release|Any CPU
	EndGlobalSection
	GlobalSection(ProjectConfigurationPlatforms) = postSolution
		{9FBC7DBD-6DC3-4221-816B-7369E8EB64A7}.Debug|Any CPU.ActiveCfg = Debug|Any CPU
		{9FBC7DBD-6DC3-4221-816B-7369E8EB64A7}.Debug|Any CPU.Build.0 = Debug|Any CPU
		{9FBC7DBD-6DC3-4221-816B-7369E8EB64A7}.Release|Any CPU.ActiveCfg = Release|Any CPU
		{9FBC7DBD-6DC3-4221-816B-7369E8EB64A7}.Release|Any CPU.Build.0 = Release|Any CPU
	EndGlobalSection
	GlobalSection(SolutionProperties) = preSolution
		HideSolutionNode = FALSE
	EndGlobalSection
	GlobalSection(ExtensibilityGlobals) = postSolution
		SolutionGuid = {64FFEC6A-38A3-46A2-97ED-E10F0E41635D}
	EndGlobalSection
EndGlobal
